
Microsoft Visual Studio Solution File, Format Version 12.00
# Visual Studio Version 16
VisualStudioVersion = 16.0.29609.76
MinimumVisualStudioVersion = 10.0.40219.1
Project("{FAE04EC0-301F-11D3-BF4B-00C04F79EFBC}") = "ETicaret_Entity", "ETicaret_Entity\ETicaret_Entity.csproj", "{2CA0484B-37F4-4F93-A850-002ECF44B5DA}"
EndProject
Project("{FAE04EC0-301F-11D3-BF4B-00C04F79EFBC}") = "ETicaret_DAL", "ETicaret_DAL\ETicaret_DAL.csproj", "{7B5EC8F2-F251-4555-A35D-21E1C5FDB2D3}"
EndProject
Global
	GlobalSection(SolutionConfigurationPlatforms) = preSolution
		Debug|Any CPU = Debug|Any CPU
		Release|Any CPU = Release|Any CPU
	EndGlobalSection
	GlobalSection(ProjectConfigurationPlatforms) = postSolution
		{2CA0484B-37F4-4F93-A850-002ECF44B5DA}.Debug|Any CPU.ActiveCfg = Debug|Any CPU
		{2CA0484B-37F4-4F93-A850-002ECF44B5DA}.Debug|Any CPU.Build.0 = Debug|Any CPU
		{2CA0484B-37F4-4F93-A850-002ECF44B5DA}.Release|Any CPU.ActiveCfg = Release|Any CPU
		{2CA0484B-37F4-4F93-A850-002ECF44B5DA}.Release|Any CPU.Build.0 = Release|Any CPU
		{7B5EC8F2-F251-4555-A35D-21E1C5FDB2D3}.Debug|Any CPU.ActiveCfg = Debug|Any CPU
		{7B5EC8F2-F251-4555-A35D-21E1C5FDB2D3}.Debug|Any CPU.Build.0 = Debug|Any CPU
		{7B5EC8F2-F251-4555-A35D-21E1C5FDB2D3}.Release|Any CPU.ActiveCfg = Release|Any CPU
		{7B5EC8F2-F251-4555-A35D-21E1C5FDB2D3}.Release|Any CPU.Build.0 = Release|Any CPU
	EndGlobalSection
	GlobalSection(SolutionProperties) = preSolution
		HideSolutionNode = FALSE
	EndGlobalSection
	GlobalSection(ExtensibilityGlobals) = postSolution
		SolutionGuid = {F83BEBD8-CD87-4610-AF8D-381EF22A16BA}
	EndGlobalSection
EndGlobal
